
Microsoft Visual Studio Solution File, Format Version 12.00
# Visual Studio Version 17
VisualStudioVersion = 17.7.34024.191
MinimumVisualStudioVersion = 10.0.40219.1
Project("{FAE04EC0-301F-11D3-BF4B-00C04F79EFBC}") = "MagicVilla_API", "MagicVilla_API\MagicVilla_API.csproj", "{385663EB-EEF0-42AC-BC99-B2240632A1DC}"
EndProject
Global
	GlobalSection(SolutionConfigurationPlatforms) = preSolution
		Debug|Any CPU = Debug|Any CPU
		Release|Any CPU = Release|Any CPU
	EndGlobalSection
	GlobalSection(ProjectConfigurationPlatforms) = postSolution
		{385663EB-EEF0-42AC-BC99-B2240632A1DC}.Debug|Any CPU.ActiveCfg = Debug|Any CPU
		{385663EB-EEF0-42AC-BC99-B2240632A1DC}.Debug|Any CPU.Build.0 = Debug|Any CPU
		{385663EB-EEF0-42AC-BC99-B2240632A1DC}.Release|Any CPU.ActiveCfg = Release|Any CPU
		{385663EB-EEF0-42AC-BC99-B2240632A1DC}.Release|Any CPU.Build.0 = Release|Any CPU
	EndGlobalSection
	GlobalSection(SolutionProperties) = preSolution
		HideSolutionNode = FALSE
	EndGlobalSection
	GlobalSection(ExtensibilityGlobals) = postSolution
		SolutionGuid = {D3C71826-3DF9-4EBB-BBB5-ADBF075827B0}
	EndGlobalSection
EndGlobal
